
Microsoft Visual Studio Solution File, Format Version 12.00
# Visual Studio Version 17
VisualStudioVersion = 17.4.33205.214
MinimumVisualStudioVersion = 10.0.40219.1
Project("{FAE04EC0-301F-11D3-BF4B-00C04F79EFBC}") = "TriPhotos", "TriPhotos\TriPhotos.csproj", "{FA8C18FD-0EE7-43C3-9639-EBF7018C1308}"
EndProject
Global
	GlobalSection(SolutionConfigurationPlatforms) = preSolution
		Debug|Any CPU = Debug|Any CPU
		Release|Any CPU = Release|Any CPU
	EndGlobalSection
	GlobalSection(ProjectConfigurationPlatforms) = postSolution
		{FA8C18FD-0EE7-43C3-9639-EBF7018C1308}.Debug|Any CPU.ActiveCfg = Debug|Any CPU
		{FA8C18FD-0EE7-43C3-9639-EBF7018C1308}.Debug|Any CPU.Build.0 = Debug|Any CPU
		{FA8C18FD-0EE7-43C3-9639-EBF7018C1308}.Release|Any CPU.ActiveCfg = Release|Any CPU
		{FA8C18FD-0EE7-43C3-9639-EBF7018C1308}.Release|Any CPU.Build.0 = Release|Any CPU
	EndGlobalSection
	GlobalSection(SolutionProperties) = preSolution
		HideSolutionNode = FALSE
	EndGlobalSection
	GlobalSection(ExtensibilityGlobals) = postSolution
		SolutionGuid = {D59AA663-B3D5-452F-9DBE-275CCE2402AB}
	EndGlobalSection
EndGlobal
